# @generated by Move, please check-in and do not edit manually.

[move]
version = 3
manifest_digest = "B4791B86E4342042A9FCD3D8750479E306ABC84929DBAB2F01EAE4F25FFD8278"
deps_digest = "F9B494B64F0615AED0E98FC12A85B85ECD2BC5185C22D30E7F67786BB52E507C"
dependencies = [
  { id = "Bridge", name = "Bridge" },
  { id = "MoveStdlib", name = "MoveStdlib" },
  { id = "Sui", name = "Sui" },
  { id = "SuiSystem", name = "SuiSystem" },
]

[[move.package]]
id = "Bridge"
source = { git = "https://github.com/MystenLabs/sui.git", rev = "d75fae3aa7fa3545b5803980a1e0c965b8bbf48e", subdir = "crates/sui-framework/packages/bridge" }

dependencies = [
  { id = "MoveStdlib", name = "MoveStdlib" },
  { id = "Sui", name = "Sui" },
  { id = "SuiSystem", name = "SuiSystem" },
]

[[move.package]]
id = "MoveStdlib"
source = { git = "https://github.com/MystenLabs/sui.git", rev = "d75fae3aa7fa3545b5803980a1e0c965b8bbf48e", subdir = "crates/sui-framework/packages/move-stdlib" }

[[move.package]]
id = "Sui"
source = { git = "https://github.com/MystenLabs/sui.git", rev = "d75fae3aa7fa3545b5803980a1e0c965b8bbf48e", subdir = "crates/sui-framework/packages/sui-framework" }

dependencies = [
  { id = "MoveStdlib", name = "MoveStdlib" },
]

[[move.package]]
id = "SuiSystem"
source = { git = "https://github.com/MystenLabs/sui.git", rev = "d75fae3aa7fa3545b5803980a1e0c965b8bbf48e", subdir = "crates/sui-framework/packages/sui-system" }

dependencies = [
  { id = "MoveStdlib", name = "MoveStdlib" },
  { id = "Sui", name = "Sui" },
]

[move.toolchain-version]
compiler-version = "1.61.2"
edition = "2024"
flavor = "sui"

[env]

[env.testnet]
chain-id = "4c78adac"
original-published-id = "0x4e9bfa84a30bb8da6b1fc139eaf39e12fc63fa3aa9b813566ea8dcda52f26e6a"
latest-published-id = "0x4e9bfa84a30bb8da6b1fc139eaf39e12fc63fa3aa9b813566ea8dcda52f26e6a"
published-version = "1"

[env.devnet]
chain-id = "833db4e1"
original-published-id = "0x998ac5444720781faa353368e3810b288db1efc38b8843f8f1ecff1f37689e6c"
latest-published-id = "0x998ac5444720781faa353368e3810b288db1efc38b8843f8f1ecff1f37689e6c"
published-version = "1"
